
Microsoft Visual Studio Solution File, Format Version 12.00
# Visual Studio Version 17
VisualStudioVersion = 17.13.35806.99
MinimumVisualStudioVersion = 10.0.40219.1
Project("{FAE04EC0-301F-11D3-BF4B-00C04F79EFBC}") = "Dota2Analytics", "Dota2Analytics\Dota2Analytics.csproj", "{9A1FFE3D-2EEF-48E6-A144-148CA60B9D29}"
	ProjectSection(ProjectDependencies) = postProject
		{A57FA5C6-351B-43FB-BA31-18D14CB75F0C} = {A57FA5C6-351B-43FB-BA31-18D14CB75F0C}
	EndProjectSection
EndProject
Project("{FAE04EC0-301F-11D3-BF4B-00C04F79EFBC}") = "Dota2Analytics.Data", "Dota2Analytics.Data\Dota2Analytics.Data.csproj", "{D1E147D3-E6C8-4902-A600-22C61761917A}"
EndProject
Project("{FAE04EC0-301F-11D3-BF4B-00C04F79EFBC}") = "Dota2Analytics.Infrastructure", "Dota2Analytics.Infrastructure\Dota2Analytics.Infrastructure.csproj", "{A57FA5C6-351B-43FB-BA31-18D14CB75F0C}"
EndProject
Project("{E53339B2-1760-4266-BCC7-CA923CBCF16C}") = "docker-compose", "docker-compose.dcproj", "{81DDED9D-158B-E303-5F62-77A2896D2A5A}"
EndProject
Project("{FAE04EC0-301F-11D3-BF4B-00C04F79EFBC}") = "Dota2Analytics.Models", "..\Dota2Analytics.Models\Dota2Analytics.Models.csproj", "{2DD4E874-DF88-4E87-AD7E-70F040823C8C}"
EndProject
Project("{FAE04EC0-301F-11D3-BF4B-00C04F79EFBC}") = "Dota2Analytics.Tests", "Dota2Analytics.Tests\Dota2Analytics.Tests.csproj", "{3982CFBF-2529-B656-7B2F-EC64B00601A7}"
EndProject
Global
	GlobalSection(SolutionConfigurationPlatforms) = preSolution
		Debug|Any CPU = Debug|Any CPU
		Release|Any CPU = Release|Any CPU
	EndGlobalSection
	GlobalSection(ProjectConfigurationPlatforms) = postSolution
		{9A1FFE3D-2EEF-48E6-A144-148CA60B9D29}.Debug|Any CPU.ActiveCfg = Debug|Any CPU
		{9A1FFE3D-2EEF-48E6-A144-148CA60B9D29}.Debug|Any CPU.Build.0 = Debug|Any CPU
		{9A1FFE3D-2EEF-48E6-A144-148CA60B9D29}.Release|Any CPU.ActiveCfg = Release|Any CPU
		{9A1FFE3D-2EEF-48E6-A144-148CA60B9D29}.Release|Any CPU.Build.0 = Release|Any CPU
		{D1E147D3-E6C8-4902-A600-22C61761917A}.Debug|Any CPU.ActiveCfg = Debug|Any CPU
		{D1E147D3-E6C8-4902-A600-22C61761917A}.Debug|Any CPU.Build.0 = Debug|Any CPU
		{D1E147D3-E6C8-4902-A600-22C61761917A}.Release|Any CPU.ActiveCfg = Release|Any CPU
		{D1E147D3-E6C8-4902-A600-22C61761917A}.Release|Any CPU.Build.0 = Release|Any CPU
		{A57FA5C6-351B-43FB-BA31-18D14CB75F0C}.Debug|Any CPU.ActiveCfg = Debug|Any CPU
		{A57FA5C6-351B-43FB-BA31-18D14CB75F0C}.Debug|Any CPU.Build.0 = Debug|Any CPU
		{A57FA5C6-351B-43FB-BA31-18D14CB75F0C}.Release|Any CPU.ActiveCfg = Release|Any CPU
		{A57FA5C6-351B-43FB-BA31-18D14CB75F0C}.Release|Any CPU.Build.0 = Release|Any CPU
		{81DDED9D-158B-E303-5F62-77A2896D2A5A}.Debug|Any CPU.ActiveCfg = Debug|Any CPU
		{81DDED9D-158B-E303-5F62-77A2896D2A5A}.Debug|Any CPU.Build.0 = Debug|Any CPU
		{81DDED9D-158B-E303-5F62-77A2896D2A5A}.Release|Any CPU.ActiveCfg = Release|Any CPU
		{81DDED9D-158B-E303-5F62-77A2896D2A5A}.Release|Any CPU.Build.0 = Release|Any CPU
		{2DD4E874-DF88-4E87-AD7E-70F040823C8C}.Debug|Any CPU.ActiveCfg = Debug|Any CPU
		{2DD4E874-DF88-4E87-AD7E-70F040823C8C}.Debug|Any CPU.Build.0 = Debug|Any CPU
		{2DD4E874-DF88-4E87-AD7E-70F040823C8C}.Release|Any CPU.ActiveCfg = Release|Any CPU
		{2DD4E874-DF88-4E87-AD7E-70F040823C8C}.Release|Any CPU.Build.0 = Release|Any CPU
		{3982CFBF-2529-B656-7B2F-EC64B00601A7}.Debug|Any CPU.ActiveCfg = Debug|Any CPU
		{3982CFBF-2529-B656-7B2F-EC64B00601A7}.Debug|Any CPU.Build.0 = Debug|Any CPU
		{3982CFBF-2529-B656-7B2F-EC64B00601A7}.Release|Any CPU.ActiveCfg = Release|Any CPU
		{3982CFBF-2529-B656-7B2F-EC64B00601A7}.Release|Any CPU.Build.0 = Release|Any CPU
	EndGlobalSection
	GlobalSection(SolutionProperties) = preSolution
		HideSolutionNode = FALSE
	EndGlobalSection
	GlobalSection(ExtensibilityGlobals) = postSolution
		SolutionGuid = {6BF8C530-162F-4E76-AFB4-22F4FB8A05D2}
	EndGlobalSection
EndGlobal
